// !$*UTF8*$!
{
	archiveVersion = 1;
	classes = {
	};
	objectVersion = 46;
	objects = {

/* Begin PBXBuildFile section */
		E45142B91EB097AE00D7C6DE /* TextStatsViewController.m in Sources */ = {isa = PBXBuildFile; fileRef = E45142B81EB097AE00D7C6DE /* TextStatsViewController.m */; };
		E46815501EA8485F0089EF1F /* main.m in Sources */ = {isa = PBXBuildFile; fileRef = E468154F1EA8485F0089EF1F /* main.m */; };
		E46815531EA8485F0089EF1F /* AppDelegate.m in Sources */ = {isa = PBXBuildFile; fileRef = E46815521EA8485F0089EF1F /* AppDelegate.m */; };
		E46815561EA8485F0089EF1F /* ViewController.m in Sources */ = {isa = PBXBuildFile; fileRef = E46815551EA8485F0089EF1F /* ViewController.m */; };
		E46815591EA8485F0089EF1F /* Main.storyboard in Resources */ = {isa = PBXBuildFile; fileRef = E46815571EA8485F0089EF1F /* Main.storyboard */; };
		E468155B1EA8485F0089EF1F /* Assets.xcassets in Resources */ = {isa = PBXBuildFile; fileRef = E468155A1EA8485F0089EF1F /* Assets.xcassets */; };
		E468155E1EA8485F0089EF1F /* LaunchScreen.storyboard in Resources */ = {isa = PBXBuildFile; fileRef = E468155C1EA8485F0089EF1F /* LaunchScreen.storyboard */; };
/* End PBXBuildFile section */

/* Begin PBXFileReference section */
		E45142B71EB097AE00D7C6DE /* TextStatsViewController.h */ = {isa = PBXFileReference; fileEncoding = 4; lastKnownFileType = sourcecode.c.h; path = TextStatsViewController.h; sourceTree = "<group>"; };
		E45142B81EB097AE00D7C6DE /* TextStatsViewController.m */ = {isa = PBXFileReference; fileEncoding = 4; lastKnownFileType = sourcecode.c.objc; path = TextStatsViewController.m; sourceTree = "<group>"; };
		E468154B1EA8485F0089EF1F /* Attributor.app */ = {isa = PBXFileReference; explicitFileType = wrapper.application; includeInIndex = 0; path = Attributor.app; sourceTree = BUILT_PRODUCTS_DIR; };
		E468154F1EA8485F0089EF1F /* main.m */ = {isa = PBXFileReference; lastKnownFileType = sourcecode.c.objc; path = main.m; sourceTree = "<group>"; };
		E46815511EA8485F0089EF1F /* AppDelegate.h */ = {isa = PBXFileReference; lastKnownFileType = sourcecode.c.h; path = AppDelegate.h; sourceTree = "<group>"; };
		E46815521EA8485F0089EF1F /* AppDelegate.m */ = {isa = PBXFileReference; lastKnownFileType = sourcecode.c.objc; path = AppDelegate.m; sourceTree = "<group>"; };
		E46815541EA8485F0089EF1F /* ViewController.h */ = {isa = PBXFileReference; lastKnownFileType = sourcecode.c.h; path = ViewController.h; sourceTree = "<group>"; };
		E46815551EA8485F0089EF1F /* ViewController.m */ = {isa = PBXFileReference; lastKnownFileType = sourcecode.c.objc; path = ViewController.m; sourceTree = "<group>"; };
		E46815581EA8485F0089EF1F /* Base */ = {isa = PBXFileReference; lastKnownFileType = file.storyboard; name = Base; path = Base.lproj/Main.storyboard; sourceTree = "<group>"; };
		E468155A1EA8485F0089EF1F /* Assets.xcassets */ = {isa = PBXFileReference; lastKnownFileType = folder.assetcatalog; path = Assets.xcassets; sourceTree = "<group>"; };
		E468155D1EA8485F0089EF1F /* Base */ = {isa = PBXFileReference; lastKnownFileType = file.storyboard; name = Base; path = Base.lproj/LaunchScreen.storyboard; sourceTree = "<group>"; };
		E468155F1EA8485F0089EF1F /* Info.plist */ = {isa = PBXFileReference; lastKnownFileType = text.plist.xml; path = Info.plist; sourceTree = "<group>"; };
/* End PBXFileReference section */

/* Begin PBXFrameworksBuildPhase section */
		E46815481EA8485F0089EF1F /* Frameworks */ = {
			isa = PBXFrameworksBuildPhase;
			buildActionMask = 2147483647;
			files = (
			);
			runOnlyForDeploymentPostprocessing = 0;
		};
/* End PBXFrameworksBuildPhase section */

/* Begin PBXGroup section */
		E46815421EA8485F0089EF1F = {
			isa = PBXGroup;
			children = (
				E468154D1EA8485F0089EF1F /* Attributor */,
				E468154C1EA8485F0089EF1F /* Products */,
			);
			sourceTree = "<group>";
		};
		E468154C1EA8485F0089EF1F /* Products */ = {
			isa = PBXGroup;
			children = (
				E468154B1EA8485F0089EF1F /* Attributor.app */,
			);
			name = Products;
			sourceTree = "<group>";
		};
		E468154D1EA8485F0089EF1F /* Attributor */ = {
			isa = PBXGroup;
			children = (
				E46815541EA8485F0089EF1F /* ViewController.h */,
				E46815551EA8485F0089EF1F /* ViewController.m */,
				E46815571EA8485F0089EF1F /* Main.storyboard */,
				E468155A1EA8485F0089EF1F /* Assets.xcassets */,
				E468155C1EA8485F0089EF1F /* LaunchScreen.storyboard */,
				E468155F1EA8485F0089EF1F /* Info.plist */,
				E468154E1EA8485F0089EF1F /* Supporting Files */,
				E45142B71EB097AE00D7C6DE /* TextStatsViewController.h */,
				E45142B81EB097AE00D7C6DE /* TextStatsViewController.m */,
			);
			path = Attributor;
			sourceTree = "<group>";
		};
		E468154E1EA8485F0089EF1F /* Supporting Files */ = {
			isa = PBXGroup;
			children = (
				E46815511EA8485F0089EF1F /* AppDelegate.h */,
				E46815521EA8485F0089EF1F /* AppDelegate.m */,
				E468154F1EA8485F0089EF1F /* main.m */,
			);
			name = "Supporting Files";
			sourceTree = "<group>";
		};
/* End PBXGroup section */

/* Begin PBXNativeTarget section */
		E468154A1EA8485F0089EF1F /* Attributor */ = {
			isa = PBXNativeTarget;
			buildConfigurationList = E46815621EA8485F0089EF1F /* Build configuration list for PBXNativeTarget "Attributor" */;
			buildPhases = (
				E46815471EA8485F0089EF1F /* Sources */,
				E46815481EA8485F0089EF1F /* Frameworks */,
				E46815491EA8485F0089EF1F /* Resources */,
			);
			buildRules = (
			);
			dependencies = (
			);
			name = Attributor;
			productName = Attributor;
			productReference = E468154B1EA8485F0089EF1F /* Attributor.app */;
			productType = "com.apple.product-type.application";
		};
/* End PBXNativeTarget section */

/* Begin PBXProject section */
		E46815431EA8485F0089EF1F /* Project object */ = {
			isa = PBXProject;
			attributes = {
				LastUpgradeCheck = 0720;
				ORGANIZATIONNAME = valor;
				TargetAttributes = {
					E468154A1EA8485F0089EF1F = {
						CreatedOnToolsVersion = 7.2;
					};
				};
			};
			buildConfigurationList = E46815461EA8485F0089EF1F /* Build configuration list for PBXProject "Attributor" */;
			compatibilityVersion = "Xcode 3.2";
			developmentRegion = English;
			hasScannedForEncodings = 0;
			knownRegions = (
				en,
				Base,
			);
			mainGroup = E46815421EA8485F0089EF1F;
			productRefGroup = E468154C1EA8485F0089EF1F /* Products */;
			projectDirPath = "";
			projectRoot = "";
			targets = (
				E468154A1EA8485F0089EF1F /* Attributor */,
			);
		};
/* End PBXProject section */

/* Begin PBXResourcesBuildPhase section */
		E46815491EA8485F0089EF1F /* Resources */ = {
			isa = PBXResourcesBuildPhase;
			buildActionMask = 2147483647;
			files = (
				E468155E1EA8485F0089EF1F /* LaunchScreen.storyboard in Resources */,
				E468155B1EA8485F0089EF1F /* Assets.xcassets in Resources */,
				E46815591EA8485F0089EF1F /* Main.storyboard in Resources */,
			);
			runOnlyForDeploymentPostprocessing = 0;
		};
/* End PBXResourcesBuildPhase section */

/* Begin PBXSourcesBuildPhase section */
		E46815471EA8485F0089EF1F /* Sources */ = {
			isa = PBXSourcesBuildPhase;
			buildActionMask = 2147483647;
			files = (
				E46815561EA8485F0089EF1F /* ViewController.m in Sources */,
				E46815531EA8485F0089EF1F /* AppDelegate.m in Sources */,
				E46815501EA8485F0089EF1F /* main.m in Sources */,
				E45142B91EB097AE00D7C6DE /* TextStatsViewController.m in Sources */,
			);
			runOnlyForDeploymentPostprocessing = 0;
		};
/* End PBXSourcesBuildPhase section */

/* Begin PBXVariantGroup section */
		E46815571EA8485F0089EF1F /* Main.storyboard */ = {
			isa = PBXVariantGroup;
			children = (
				E46815581EA8485F0089EF1F /* Base */,
			);
			name = Main.storyboard;
			sourceTree = "<group>";
		};
		E468155C1EA8485F0089EF1F /* LaunchScreen.storyboard */ = {
			isa = PBXVariantGroup;
			children = (
				E468155D1EA8485F0089EF1F /* Base */,
			);
			name = LaunchScreen.storyboard;
			sourceTree = "<group>";
		};
/* End PBXVariantGroup section */

/* Begin XCBuildConfiguration section */
		E46815601EA8485F0089EF1F /* Debug */ = {
			isa = XCBuildConfiguration;
			buildSettings = {
				ALWAYS_SEARCH_USER_PATHS = NO;
				CLANG_CXX_LANGUAGE_STANDARD = "gnu++0x";
				CLANG_CXX_LIBRARY = "libc++";
				CLANG_ENABLE_MODULES = YES;
				CLANG_ENABLE_OBJC_ARC = YES;
				CLANG_WARN_BOOL_CONVERSION = YES;
				CLANG_WARN_CONSTANT_CONVERSION = YES;
				CLANG_WARN_DIRECT_OBJC_ISA_USAGE = YES_ERROR;
				CLANG_WARN_EMPTY_BODY = YES;
				CLANG_WARN_ENUM_CONVERSION = YES;
				CLANG_WARN_INT_CONVERSION = YES;
				CLANG_WARN_OBJC_ROOT_CLASS = YES_ERROR;
				CLANG_WARN_UNREACHABLE_CODE = YES;
				CLANG_WARN__DUPLICATE_METHOD_MATCH = YES;
				"CODE_SIGN_IDENTITY[sdk=iphoneos*]" = "iPhone Developer";
				COPY_PHASE_STRIP = NO;
				DEBUG_INFORMATION_FORMAT = dwarf;
				ENABLE_STRICT_OBJC_MSGSEND = YES;
				ENABLE_TESTABILITY = YES;
				GCC_C_LANGUAGE_STANDARD = gnu99;
				GCC_DYNAMIC_NO_PIC = NO;
				GCC_NO_COMMON_BLOCKS = YES;
				GCC_OPTIMIZATION_LEVEL = 0;
				GCC_PREPROCESSOR_DEFINITIONS = (
					"DEBUG=1",
					"$(inherited)",
				);
				GCC_WARN_64_TO_32_BIT_CONVERSION = YES;
				GCC_WARN_ABOUT_RETURN_TYPE = YES_ERROR;
				GCC_WARN_UNDECLARED_SELECTOR = YES;
				GCC_WARN_UNINITIALIZED_AUTOS = YES_AGGRESSIVE;
				GCC_WARN_UNUSED_FUNCTION = YES;
				GCC_WARN_UNUSED_VARIABLE = YES;
				IPHONEOS_DEPLOYMENT_TARGET = 9.2;
				MTL_ENABLE_DEBUG_INFO = YES;
				ONLY_ACTIVE_ARCH = YES;
				SDKROOT = iphoneos;
			};
			name = Debug;
		};
		E46815611EA8485F0089EF1F /* Release */ = {
			isa = XCBuildConfiguration;
			buildSettings = {
				ALWAYS_SEARCH_USER_PATHS = NO;
				CLANG_CXX_LANGUAGE_STANDARD = "gnu++0x";
				CLANG_CXX_LIBRARY = "libc++";
				CLANG_ENABLE_MODULES = YES;
				CLANG_ENABLE_OBJC_ARC = YES;
				CLANG_WARN_BOOL_CONVERSION = YES;
				CLANG_WARN_CONSTANT_CONVERSION = YES;
				CLANG_WARN_DIRECT_OBJC_ISA_USAGE = YES_ERROR;
				CLANG_WARN_EMPTY_BODY = YES;
				CLANG_WARN_ENUM_CONVERSION = YES;
				CLANG_WARN_INT_CONVERSION = YES;
				CLANG_WARN_OBJC_ROOT_CLASS = YES_ERROR;
				CLANG_WARN_UNREACHABLE_CODE = YES;
				CLANG_WARN__DUPLICATE_METHOD_MATCH = YES;
				"CODE_SIGN_IDENTITY[sdk=iphoneos*]" = "iPhone Developer";
				COPY_PHASE_STRIP = NO;
				DEBUG_INFORMATION_FORMAT = "dwarf-with-dsym";
				ENABLE_NS_ASSERTIONS = NO;
				ENABLE_STRICT_OBJC_MSGSEND = YES;
				GCC_C_LANGUAGE_STANDARD = gnu99;
				GCC_NO_COMMON_BLOCKS = YES;
				GCC_WARN_64_TO_32_BIT_CONVERSION = YES;
				GCC_WARN_ABOUT_RETURN_TYPE = YES_ERROR;
				GCC_WARN_UNDECLARED_SELECTOR = YES;
				GCC_WARN_UNINITIALIZED_AUTOS = YES_AGGRESSIVE;
				GCC_WARN_UNUSED_FUNCTION = YES;
				GCC_WARN_UNUSED_VARIABLE = YES;
				IPHONEOS_DEPLOYMENT_TARGET = 9.2;
				MTL_ENABLE_DEBUG_INFO = NO;
				SDKROOT = iphoneos;
				VALIDATE_PRODUCT = YES;
			};
			name = Release;
		};
		E46815631EA8485F0089EF1F /* Debug */ = {
			isa = XCBuildConfiguration;
			buildSettings = {
				ASSETCATALOG_COMPILER_APPICON_NAME = AppIcon;
				INFOPLIST_FILE = Attributor/Info.plist;
				LD_RUNPATH_SEARCH_PATHS = "$(inherited) @executable_path/Frameworks";
				PRODUCT_BUNDLE_IDENTIFIER = com.valor.mybat.ybq.Attributor;
				PRODUCT_NAME = "$(TARGET_NAME)";
				TARGETED_DEVICE_FAMILY = 1;
			};
			name = Debug;
		};
		E46815641EA8485F0089EF1F /* Release */ = {
			isa = XCBuildConfiguration;
			buildSettings = {
				ASSETCATALOG_COMPILER_APPICON_NAME = AppIcon;
				INFOPLIST_FILE = Attributor/Info.plist;
				LD_RUNPATH_SEARCH_PATHS = "$(inherited) @executable_path/Frameworks";
				PRODUCT_BUNDLE_IDENTIFIER = com.valor.mybat.ybq.Attributor;
				PRODUCT_NAME = "$(TARGET_NAME)";
				TARGETED_DEVICE_FAMILY = 1;
			};
			name = Release;
		};
/* End XCBuildConfiguration section */

/* Begin XCConfigurationList section */
		E46815461EA8485F0089EF1F /* Build configuration list for PBXProject "Attributor" */ = {
			isa = XCConfigurationList;
			buildConfigurations = (
				E46815601EA8485F0089EF1F /* Debug */,
				E46815611EA8485F0089EF1F /* Release */,
			);
			defaultConfigurationIsVisible = 0;
			defaultConfigurationName = Release;
		};
		E46815621EA8485F0089EF1F /* Build configuration list for PBXNativeTarget "Attributor" */ = {
			isa = XCConfigurationList;
			buildConfigurations = (
				E46815631EA8485F0089EF1F /* Debug */,
				E46815641EA8485F0089EF1F /* Release */,
			);
			defaultConfigurationIsVisible = 0;
			defaultConfigurationName = Release;
		};
/* End XCConfigurationList section */
	};
	rootObject = E46815431EA8485F0089EF1F /* Project object */;
}
